
Microsoft Visual Studio Solution File, Format Version 12.00
# Visual Studio Version 17
VisualStudioVersion = 17.6.33723.286
MinimumVisualStudioVersion = 10.0.40219.1
Project("{FAE04EC0-301F-11D3-BF4B-00C04F79EFBC}") = "EventSourcing.Shared", "EventSourcing.Shared\EventSourcing.Shared.csproj", "{EBDE54F7-78E1-4546-9E5B-7B0EAAE4E6FB}"
EndProject
Global
	GlobalSection(SolutionConfigurationPlatforms) = preSolution
		Debug|Any CPU = Debug|Any CPU
		Release|Any CPU = Release|Any CPU
	EndGlobalSection
	GlobalSection(ProjectConfigurationPlatforms) = postSolution
		{EBDE54F7-78E1-4546-9E5B-7B0EAAE4E6FB}.Debug|Any CPU.ActiveCfg = Debug|Any CPU
		{EBDE54F7-78E1-4546-9E5B-7B0EAAE4E6FB}.Debug|Any CPU.Build.0 = Debug|Any CPU
		{EBDE54F7-78E1-4546-9E5B-7B0EAAE4E6FB}.Release|Any CPU.ActiveCfg = Release|Any CPU
		{EBDE54F7-78E1-4546-9E5B-7B0EAAE4E6FB}.Release|Any CPU.Build.0 = Release|Any CPU
	EndGlobalSection
	GlobalSection(SolutionProperties) = preSolution
		HideSolutionNode = FALSE
	EndGlobalSection
	GlobalSection(ExtensibilityGlobals) = postSolution
		SolutionGuid = {F117AC40-3C74-435C-9C9D-ED7C690B83FE}
	EndGlobalSection
EndGlobal
