
Microsoft Visual Studio Solution File, Format Version 12.00
# Visual Studio Version 17
VisualStudioVersion = 17.6.33723.286
MinimumVisualStudioVersion = 10.0.40219.1
Project("{2150E333-8FDC-42A3-9474-1A3956D46DE8}") = "src", "src", "{E41331A7-47A6-4968-ADC0-D42B8D36A662}"
EndProject
Project("{FAE04EC0-301F-11D3-BF4B-00C04F79EFBC}") = "ServiceA.API", "src\ServiceA.API\ServiceA.API.csproj", "{AD8BB18C-77E1-464A-A897-BA56F0AD3D58}"
EndProject
Project("{FAE04EC0-301F-11D3-BF4B-00C04F79EFBC}") = "ServiceB.API", "src\ServiceB.API\ServiceB.API.csproj", "{63973071-6734-4114-A91D-57F9459EE56A}"
EndProject
Global
	GlobalSection(SolutionConfigurationPlatforms) = preSolution
		Debug|Any CPU = Debug|Any CPU
		Release|Any CPU = Release|Any CPU
	EndGlobalSection
	GlobalSection(ProjectConfigurationPlatforms) = postSolution
		{AD8BB18C-77E1-464A-A897-BA56F0AD3D58}.Debug|Any CPU.ActiveCfg = Debug|Any CPU
		{AD8BB18C-77E1-464A-A897-BA56F0AD3D58}.Debug|Any CPU.Build.0 = Debug|Any CPU
		{AD8BB18C-77E1-464A-A897-BA56F0AD3D58}.Release|Any CPU.ActiveCfg = Release|Any CPU
		{AD8BB18C-77E1-464A-A897-BA56F0AD3D58}.Release|Any CPU.Build.0 = Release|Any CPU
		{63973071-6734-4114-A91D-57F9459EE56A}.Debug|Any CPU.ActiveCfg = Debug|Any CPU
		{63973071-6734-4114-A91D-57F9459EE56A}.Debug|Any CPU.Build.0 = Debug|Any CPU
		{63973071-6734-4114-A91D-57F9459EE56A}.Release|Any CPU.ActiveCfg = Release|Any CPU
		{63973071-6734-4114-A91D-57F9459EE56A}.Release|Any CPU.Build.0 = Release|Any CPU
	EndGlobalSection
	GlobalSection(SolutionProperties) = preSolution
		HideSolutionNode = FALSE
	EndGlobalSection
	GlobalSection(NestedProjects) = preSolution
		{AD8BB18C-77E1-464A-A897-BA56F0AD3D58} = {E41331A7-47A6-4968-ADC0-D42B8D36A662}
		{63973071-6734-4114-A91D-57F9459EE56A} = {E41331A7-47A6-4968-ADC0-D42B8D36A662}
	EndGlobalSection
	GlobalSection(ExtensibilityGlobals) = postSolution
		SolutionGuid = {F117AC40-3C74-435C-9C9D-ED7C690B83FE}
	EndGlobalSection
EndGlobal
