
Microsoft Visual Studio Solution File, Format Version 12.00
# Visual Studio Version 17
VisualStudioVersion = 17.6.33723.286
MinimumVisualStudioVersion = 10.0.40219.1
Project("{9A19103F-16F7-4668-BE54-9A1E7A4F7556}") = "EventSourcing.Shared", "EventSourcing.Shared\EventSourcing.Shared.csproj", "{EBDE54F7-78E1-4546-9E5B-7B0EAAE4E6FB}"
EndProject
Project("{2150E333-8FDC-42A3-9474-1A3956D46DE8}") = "raw", "raw", "{A52FB7B3-B048-403C-A63F-1D8A3BE4162C}"
	ProjectSection(SolutionItems) = preProject
		..\..\diagrams.png = ..\..\diagrams.png
		..\..\evenstore_logo.png = ..\..\evenstore_logo.png
		..\..\eventstore_1.PNG = ..\..\eventstore_1.PNG
		..\..\eventstore_2.PNG = ..\..\eventstore_2.PNG
		..\..\postgresql.PNG = ..\..\postgresql.PNG
	EndProjectSection
EndProject
Project("{9A19103F-16F7-4668-BE54-9A1E7A4F7556}") = "EventSourcing.API", "EventSourcing.API\EventSourcing.API.csproj", "{B67A7D1D-5074-4E47-AD69-DD7ACC673CF1}"
EndProject
Global
	GlobalSection(SolutionConfigurationPlatforms) = preSolution
		Debug|Any CPU = Debug|Any CPU
		Release|Any CPU = Release|Any CPU
	EndGlobalSection
	GlobalSection(ProjectConfigurationPlatforms) = postSolution
		{EBDE54F7-78E1-4546-9E5B-7B0EAAE4E6FB}.Debug|Any CPU.ActiveCfg = Debug|Any CPU
		{EBDE54F7-78E1-4546-9E5B-7B0EAAE4E6FB}.Debug|Any CPU.Build.0 = Debug|Any CPU
		{EBDE54F7-78E1-4546-9E5B-7B0EAAE4E6FB}.Release|Any CPU.ActiveCfg = Release|Any CPU
		{EBDE54F7-78E1-4546-9E5B-7B0EAAE4E6FB}.Release|Any CPU.Build.0 = Release|Any CPU
		{B67A7D1D-5074-4E47-AD69-DD7ACC673CF1}.Debug|Any CPU.ActiveCfg = Debug|Any CPU
		{B67A7D1D-5074-4E47-AD69-DD7ACC673CF1}.Debug|Any CPU.Build.0 = Debug|Any CPU
		{B67A7D1D-5074-4E47-AD69-DD7ACC673CF1}.Release|Any CPU.ActiveCfg = Release|Any CPU
		{B67A7D1D-5074-4E47-AD69-DD7ACC673CF1}.Release|Any CPU.Build.0 = Release|Any CPU
	EndGlobalSection
	GlobalSection(SolutionProperties) = preSolution
		HideSolutionNode = FALSE
	EndGlobalSection
	GlobalSection(ExtensibilityGlobals) = postSolution
		SolutionGuid = {F117AC40-3C74-435C-9C9D-ED7C690B83FE}
	EndGlobalSection
EndGlobal
